{
  "nodes": {
    "kalico": {
      "flake": false,
      "locked": {
        "lastModified": 1790780639,
        "narHash": "sha256-1Hj6JwKukiUtw5jsoMq3mLJ/OMvXtMbtf3+jO+kHj3I=",
        "owner": "KalicoCrew",
        "repo": "kalico",
        "rev": "3526de3bfbdc64f40001a4070b95d28b79fa4147",
        "type": "github"
      },
      "original": {
        "owner": "KalicoCrew",
        "ref": "v2026.10.00",
        "repo": "kalico",
        "type": "github"
      }
    },
    "klippain-shaketune": {
      "flake": false,
      "locked": {
        "lastModified": 1768571137,
        "narHash": "sha256-ztgLp8PUJafUBt/PdlGj5x7ER5vxw4uIfh3/3Cbl8Ps=",
        "owner": "Frix-x",
        "repo": "klippain-shaketune",
        "rev": "354ee4be6db218715239f7b9411c2c37fdea23dd",
        "type": "github"
      },
      "original": {
        "owner": "Frix-x",
        "ref": "v6.0.0",
        "repo": "klippain-shaketune",
        "type": "github"
      }
    },
    "klipper": {
      "flake": false,
      "locked": {
        "lastModified": 1783528704,
        "narHash": "sha256-t6W9u2KwrEQVXl8w3YS1uoyLi+74bBMeOPcxIkMY6vE=",
        "owner": "Klipper3d",
        "repo": "klipper",
        "rev": "e27879050722459bef4da61b3ba28fdb37149a70",
        "type": "github"
      },
      "original": {
        "owner": "Klipper3d",
        "repo": "klipper",
        "type": "github"
      }
    },
    "klipper-toolchanger-easy": {
      "flake": false,
      "locked": {
        "lastModified": 1779753988,
        "narHash": "sha256-WgfxlQ7Xc7H7xJbJgnp7LvPGGGyfVuviJu17A+J+5WQ=",
        "owner": "jwellman80",
        "repo": "klipper-toolchanger-easy",
        "rev": "bc2b5c4c466d2f57233ac844371936b290eb4b9a",
        "type": "github"
      },
      "original": {
        "owner": "jwellman80",
        "repo": "klipper-toolchanger-easy",
        "type": "github"
      }
    },
    "klipper-toolchanger-hard": {
      "flake": false,
      "locked": {
        "lastModified": 1781304457,
        "narHash": "sha256-KhKEzp1HO3dwgiisB+dplQzN4x6RJIDxZsQfGVqbtwY=",
        "owner": "Contomo",
        "repo": "klipper-toolchanger-hard",
        "rev": "854e96b79d907de2a9cc9b5dab9555605f65dbc3",
        "type": "github"
      },
      "original": {
        "owner": "Contomo",
        "repo": "klipper-toolchanger-hard",
        "type": "github"
      }
    },
    "nixpkgs": {
      "locked": {
        "lastModified": 1791353474,
        "narHash": "sha256-v72qr4LsSz61tQki/41nHKZKPY6NSeZavtGlAInOCng=",
        "owner": "nixos",
        "repo": "nixpkgs",
        "rev": "2efa67fd26b6df417c33e4603185c701f260dd83",
        "type": "github"
      },
      "original": {
        "owner": "nixos",
        "ref": "nixos-26.05",
        "repo": "nixpkgs",
        "type": "github"
      }
    },
    "root": {
      "inputs": {
        "kalico": "kalico",
        "klippain-shaketune": "klippain-shaketune",
        "klipper": "klipper",
        "klipper-toolchanger-easy": "klipper-toolchanger-easy",
        "klipper-toolchanger-hard": "klipper-toolchanger-hard",
        "nixpkgs": "nixpkgs"
      }
    }
  },
  "root": "root",
  "version": 7
}
